
Microsoft Visual Studio Solution File, Format Version 12.00
# Visual Studio Version 16
VisualStudioVersion = 16.0.30523.141
MinimumVisualStudioVersion = 10.0.40219.1
Project("{FAE04EC0-301F-11D3-BF4B-00C04F79EFBC}") = "WFGames", "WFGames\WFGames.csproj", "{932C4817-AAF3-494E-99C9-7CFB079C667E}"
EndProject
Global
	GlobalSection(SolutionConfigurationPlatforms) = preSolution
		Debug|Any CPU = Debug|Any CPU
		Release|Any CPU = Release|Any CPU
	EndGlobalSection
	GlobalSection(ProjectConfigurationPlatforms) = postSolution
		{932C4817-AAF3-494E-99C9-7CFB079C667E}.Debug|Any CPU.ActiveCfg = Debug|Any CPU
		{932C4817-AAF3-494E-99C9-7CFB079C667E}.Debug|Any CPU.Build.0 = Debug|Any CPU
		{932C4817-AAF3-494E-99C9-7CFB079C667E}.Release|Any CPU.ActiveCfg = Release|Any CPU
		{932C4817-AAF3-494E-99C9-7CFB079C667E}.Release|Any CPU.Build.0 = Release|Any CPU
	EndGlobalSection
	GlobalSection(SolutionProperties) = preSolution
		HideSolutionNode = FALSE
	EndGlobalSection
	GlobalSection(ExtensibilityGlobals) = postSolution
		SolutionGuid = {9A79BCB1-3F21-4F4B-96FB-D60668797C27}
	EndGlobalSection
EndGlobal
